
Microsoft Visual Studio Solution File, Format Version 12.00
# Visual Studio Version 17
VisualStudioVersion = 17.0.31903.59
MinimumVisualStudioVersion = 10.0.40219.1
Project("{FAE04EC0-301F-11D3-BF4B-00C04F79EFBC}") = "EncapsulationDemo", "EncapsulationDemo\EncapsulationDemo.csproj", "{687DB136-B39E-494A-860D-52C32186F14B}"
EndProject
Project("{FAE04EC0-301F-11D3-BF4B-00C04F79EFBC}") = "EncapsulationDemoUser", "EncapsulationDemoUser\EncapsulationDemoUser.csproj", "{38B36D54-FD77-4D39-B4E2-86BF50C1D6AE}"
EndProject
Project("{FAE04EC0-301F-11D3-BF4B-00C04F79EFBC}") = "InheritanceDemo", "InheritanceDemo\InheritanceDemo.csproj", "{37E6DFC0-0891-4C29-B9BB-45F813FA481C}"
EndProject
Global
	GlobalSection(SolutionConfigurationPlatforms) = preSolution
		Debug|Any CPU = Debug|Any CPU
		Release|Any CPU = Release|Any CPU
	EndGlobalSection
	GlobalSection(SolutionProperties) = preSolution
		HideSolutionNode = FALSE
	EndGlobalSection
	GlobalSection(ProjectConfigurationPlatforms) = postSolution
		{687DB136-B39E-494A-860D-52C32186F14B}.Debug|Any CPU.ActiveCfg = Debug|Any CPU
		{687DB136-B39E-494A-860D-52C32186F14B}.Debug|Any CPU.Build.0 = Debug|Any CPU
		{687DB136-B39E-494A-860D-52C32186F14B}.Release|Any CPU.ActiveCfg = Release|Any CPU
		{687DB136-B39E-494A-860D-52C32186F14B}.Release|Any CPU.Build.0 = Release|Any CPU
		{38B36D54-FD77-4D39-B4E2-86BF50C1D6AE}.Debug|Any CPU.ActiveCfg = Debug|Any CPU
		{38B36D54-FD77-4D39-B4E2-86BF50C1D6AE}.Debug|Any CPU.Build.0 = Debug|Any CPU
		{38B36D54-FD77-4D39-B4E2-86BF50C1D6AE}.Release|Any CPU.ActiveCfg = Release|Any CPU
		{38B36D54-FD77-4D39-B4E2-86BF50C1D6AE}.Release|Any CPU.Build.0 = Release|Any CPU
		{37E6DFC0-0891-4C29-B9BB-45F813FA481C}.Debug|Any CPU.ActiveCfg = Debug|Any CPU
		{37E6DFC0-0891-4C29-B9BB-45F813FA481C}.Debug|Any CPU.Build.0 = Debug|Any CPU
		{37E6DFC0-0891-4C29-B9BB-45F813FA481C}.Release|Any CPU.ActiveCfg = Release|Any CPU
		{37E6DFC0-0891-4C29-B9BB-45F813FA481C}.Release|Any CPU.Build.0 = Release|Any CPU
	EndGlobalSection
EndGlobal
